{
  "name": "ziko-lucide",
  "version": "0.5.0",
  "lockfileVersion": 3,
  "requires": true,
  "packages": {
    "": {
      "name": "ziko-lucide",
      "version": "0.5.0",
      "license": "MIT",
      "dependencies": {
        "create-vite": "^9.0.3",
        "lucide": "^1.0.1",
        "ziko": "^1.0.0"
      }
    },
    "node_modules/create-vite": {
      "version": "9.0.3",
      "resolved": "https://registry.npmjs.org/create-vite/-/create-vite-9.0.3.tgz",
      "integrity": "sha512-eYcVOj/fzVEDFjjEURP93TTC11CmOHtnbeTz1/aEEnL+O1dEyEYzfPWE/JfxbksQ9ztlkxMZ5XG3KjVGDks0xw==",
      "license": "MIT",
      "bin": {
        "create-vite": "index.js",
        "cva": "index.js"
      },
      "engines": {
        "node": "^20.19.0 || >=22.12.0"
      },
      "funding": {
        "url": "https://github.com/vitejs/vite?sponsor=1"
      }
    },
    "node_modules/lucide": {
      "version": "1.0.1",
      "resolved": "https://registry.npmjs.org/lucide/-/lucide-1.0.1.tgz",
      "integrity": "sha512-npbb29XFt513VRFpVlgY/39UCZLpEI0TxK7qAPFauDssFeVQO0mTDXl1MKR1qJdJ+OkPXxntB+6ImhuNYBllVw==",
      "license": "ISC"
    },
    "node_modules/ziko": {
      "version": "1.0.0",
      "resolved": "https://registry.npmjs.org/ziko/-/ziko-1.0.0.tgz",
      "integrity": "sha512-hCf/uuW2XuhF8eFGfEu2/niAmRA9C/cx6mFrAgW3x4GYWvsmMVFVk6lE9jDdiO35kop5g5ud0f8rYw+fEPWtiQ==",
      "license": "MIT",
      "bin": {
        "create-ziko-app": "starter/bin/index.js"
      }
    }
  }
}
