{
  "name": "ziko-lucide",
  "version": "0.0.0",
  "lockfileVersion": 3,
  "requires": true,
  "packages": {
    "": {
      "name": "ziko-lucide",
      "version": "0.0.0",
      "license": "MIT",
      "dependencies": {
        "lucide": "^0.542.0"
      }
    },
    "node_modules/lucide": {
      "version": "0.542.0",
      "resolved": "https://registry.npmjs.org/lucide/-/lucide-0.542.0.tgz",
      "integrity": "sha512-+EtDSHjqg/nONgCfnjHCNd84OzbDjxR8ShnOf+oImlU+A8gqlptZ6pGrMCnhEDw8pVNQv3zu/L0eDvMzcc7nWA==",
      "license": "ISC"
    }
  }
}
