{
  "name": "ziko-lucide",
  "version": "0.2.0",
  "lockfileVersion": 3,
  "requires": true,
  "packages": {
    "": {
      "name": "ziko-lucide",
      "version": "0.2.0",
      "license": "MIT",
      "dependencies": {
        "create-vite": "^6.5.0",
        "lucide": "^0.542.0",
        "ziko": "^0.57.1"
      }
    },
    "node_modules/create-vite": {
      "version": "6.5.0",
      "resolved": "https://registry.npmjs.org/create-vite/-/create-vite-6.5.0.tgz",
      "integrity": "sha512-2GsVyyXPMsXeIHR9m61ANZ0YJkUojUbgACdzIAlYoKgw/b5M5GJAfzuBD56uJ4q82NxrAekt0k4OTtH1s+rfcQ==",
      "license": "MIT",
      "bin": {
        "create-vite": "index.js",
        "cva": "index.js"
      },
      "engines": {
        "node": "^18.0.0 || ^20.0.0 || >=22.0.0"
      },
      "funding": {
        "url": "https://github.com/vitejs/vite?sponsor=1"
      }
    },
    "node_modules/lucide": {
      "version": "0.542.0",
      "resolved": "https://registry.npmjs.org/lucide/-/lucide-0.542.0.tgz",
      "integrity": "sha512-+EtDSHjqg/nONgCfnjHCNd84OzbDjxR8ShnOf+oImlU+A8gqlptZ6pGrMCnhEDw8pVNQv3zu/L0eDvMzcc7nWA==",
      "license": "ISC"
    },
    "node_modules/ziko": {
      "version": "0.57.1",
      "resolved": "https://registry.npmjs.org/ziko/-/ziko-0.57.1.tgz",
      "integrity": "sha512-ucnjSkqUzWnnZQu2P9PdIqPClgDbGVW27PeEWemVyrHzlqYSFGF41N9V4zOyJyQl3/t72ocC1lyhrq3jR8LnNA==",
      "license": "MIT",
      "bin": {
        "create-ziko-app": "starter/bin/index.js"
      }
    }
  }
}
